{
    "version": 3,
    "terraform_version": "0.11.8",
    "serial": 15,
    "lineage": "98381d24-16c3-32c2-ab4c-320d75198c91",
    "modules": [
        {
            "path": [
                "root"
            ],
            "outputs": {},
            "resources": {
                "aws_ami_from_instance.wp_golden": {
                    "type": "aws_ami_from_instance",
                    "depends_on": [
                        "aws_instance.wp_dev",
                        "aws_s3_bucket.code",
                        "random_id.golden_ami"
                    ],
                    "primary": {
                        "id": "ami-0642f796a5c29efee",
                        "attributes": {
                            "architecture": "x86_64",
                            "description": "",
                            "ebs_block_device.#": "1",
                            "ebs_block_device.3090985822.delete_on_termination": "false",
                            "ebs_block_device.3090985822.device_name": "/dev/sda1",
                            "ebs_block_device.3090985822.encrypted": "false",
                            "ebs_block_device.3090985822.iops": "0",
                            "ebs_block_device.3090985822.snapshot_id": "snap-04fa372eec7eda1f5",
                            "ebs_block_device.3090985822.volume_size": "8",
                            "ebs_block_device.3090985822.volume_type": "gp2",
                            "ena_support": "true",
                            "ephemeral_block_device.#": "0",
                            "id": "ami-0642f796a5c29efee",
                            "image_location": "922226394248/wp_ami-11HU",
                            "kernel_id": "",
                            "manage_ebs_snapshots": "true",
                            "name": "wp_ami-11HU",
                            "ramdisk_id": "",
                            "root_device_name": "/dev/sda1",
                            "root_snapshot_id": "snap-04fa372eec7eda1f5",
                            "source_instance_id": "i-030a1f9a68d9cb386",
                            "sriov_net_support": "simple",
                            "tags.%": "0",
                            "virtualization_type": "hvm"
                        },
                        "meta": {
                            "e2bfb730-ecaa-11e6-8f88-34363bc7c4c0": {
                                "create": 2400000000000,
                                "delete": 5400000000000,
                                "update": 2400000000000
                            }
                        },
                        "tainted": false
                    },
                    "deposed": [],
                    "provider": "provider.aws"
                },
                "aws_autoscaling_group.wp_asg": {
                    "type": "aws_autoscaling_group",
                    "depends_on": [
                        "aws_elb.wp_elb",
                        "aws_launch_configuration.wp_lc",
                        "aws_subnet.wp_private1_subnet",
                        "aws_subnet.wp_private2_subnet"
                    ],
                    "primary": {
                        "id": "asg-wp_lc-20191014093734349700000004",
                        "attributes": {
                            "arn": "arn:aws:autoscaling:us-east-1:922226394248:autoScalingGroup:79260931-b882-44b8-b082-9775d03b5c91:autoScalingGroupName/asg-wp_lc-20191014093734349700000004",
                            "availability_zones.#": "2",
                            "availability_zones.1305112097": "us-east-1b",
                            "availability_zones.3569565595": "us-east-1a",
                            "default_cooldown": "300",
                            "desired_capacity": "2",
                            "enabled_metrics.#": "0",
                            "force_delete": "true",
                            "health_check_grace_period": "300",
                            "health_check_type": "EC2",
                            "id": "asg-wp_lc-20191014093734349700000004",
                            "launch_configuration": "wp_lc-20191014093734349700000004",
                            "launch_template.#": "0",
                            "load_balancers.#": "1",
                            "load_balancers.289027471": "motionfarm-elb",
                            "max_size": "2",
                            "metrics_granularity": "1Minute",
                            "min_size": "1",
                            "name": "asg-wp_lc-20191014093734349700000004",
                            "placement_group": "",
                            "protect_from_scale_in": "false",
                            "service_linked_role_arn": "arn:aws:iam::922226394248:role/aws-service-role/autoscaling.amazonaws.com/AWSServiceRoleForAutoScaling",
                            "suspended_processes.#": "0",
                            "tag.#": "1",
                            "tag.673706737.key": "Name",
                            "tag.673706737.propagate_at_launch": "true",
                            "tag.673706737.value": "wp_asg-instance",
                            "target_group_arns.#": "0",
                            "termination_policies.#": "0",
                            "vpc_zone_identifier.#": "2",
                            "vpc_zone_identifier.2425866350": "subnet-0e07b3db65a8ec21a",
                            "vpc_zone_identifier.486405732": "subnet-0d62cfaedd95fedc3",
                            "wait_for_capacity_timeout": "10m"
                        },
                        "meta": {
                            "e2bfb730-ecaa-11e6-8f88-34363bc7c4c0": {
                                "delete": 600000000000
                            }
                        },
                        "tainted": false
                    },
                    "deposed": [],
                    "provider": "provider.aws"
                },
                "aws_db_instance.wp_db": {
                    "type": "aws_db_instance",
                    "depends_on": [
                        "aws_db_subnet_group.wp_rds_subnetgroup",
                        "aws_security_group.wp_rds_sg"
                    ],
                    "primary": {
                        "id": "terraform-20191014093133575400000003",
                        "attributes": {
                            "address": "terraform-20191014093133575400000003.chojdqldvsz6.us-east-1.rds.amazonaws.com",
                            "allocated_storage": "10",
                            "arn": "arn:aws:rds:us-east-1:922226394248:db:terraform-20191014093133575400000003",
                            "auto_minor_version_upgrade": "true",
                            "availability_zone": "us-east-1c",
                            "backup_retention_period": "0",
                            "backup_window": "09:25-09:55",
                            "ca_cert_identifier": "rds-ca-2015",
                            "copy_tags_to_snapshot": "false",
                            "db_subnet_group_name": "wp_rds_subnetgroup",
                            "enabled_cloudwatch_logs_exports.#": "0",
                            "endpoint": "terraform-20191014093133575400000003.chojdqldvsz6.us-east-1.rds.amazonaws.com:3306",
                            "engine": "mysql",
                            "engine_version": "5.7.22",
                            "hosted_zone_id": "Z2R2ITUGPM61AM",
                            "iam_database_authentication_enabled": "false",
                            "id": "terraform-20191014093133575400000003",
                            "identifier": "terraform-20191014093133575400000003",
                            "instance_class": "db.t2.micro",
                            "iops": "0",
                            "kms_key_id": "",
                            "license_model": "general-public-license",
                            "maintenance_window": "sat:05:45-sat:06:15",
                            "monitoring_interval": "0",
                            "multi_az": "false",
                            "name": "motionfarm",
                            "option_group_name": "default:mysql-5-7",
                            "parameter_group_name": "default.mysql5.7",
                            "password": "motionfarm",
                            "port": "3306",
                            "publicly_accessible": "false",
                            "replicas.#": "0",
                            "replicate_source_db": "",
                            "resource_id": "db-FY532YARZAHER2KMRIUUEZVHSI",
                            "security_group_names.#": "0",
                            "skip_final_snapshot": "true",
                            "status": "available",
                            "storage_encrypted": "false",
                            "storage_type": "gp2",
                            "tags.%": "0",
                            "timezone": "",
                            "username": "motionfarm",
                            "vpc_security_group_ids.#": "1",
                            "vpc_security_group_ids.2111080234": "sg-08f0095f97dd7d9f7"
                        },
                        "meta": {
                            "e2bfb730-ecaa-11e6-8f88-34363bc7c4c0": {
                                "create": 2400000000000,
                                "delete": 2400000000000,
                                "update": 4800000000000
                            }
                        },
                        "tainted": false
                    },
                    "deposed": [],
                    "provider": "provider.aws"
                },
                "aws_db_subnet_group.wp_rds_subnetgroup": {
                    "type": "aws_db_subnet_group",
                    "depends_on": [
                        "aws_subnet.wp_rds1_subnet",
                        "aws_subnet.wp_rds2_subnet",
                        "aws_subnet.wp_rds3_subnet"
                    ],
                    "primary": {
                        "id": "wp_rds_subnetgroup",
                        "attributes": {
                            "arn": "arn:aws:rds:us-east-1:922226394248:subgrp:wp_rds_subnetgroup",
                            "description": "Managed by Terraform",
                            "id": "wp_rds_subnetgroup",
                            "name": "wp_rds_subnetgroup",
                            "subnet_ids.#": "3",
                            "subnet_ids.2599459315": "subnet-09997e5ca27581651",
                            "subnet_ids.3991065301": "subnet-0c4effd5df721e273",
                            "subnet_ids.964076407": "subnet-0de50735f74d56ca8",
                            "tags.%": "1",
                            "tags.Name": "wp_rds_sng"
                        },
                        "meta": {},
                        "tainted": false
                    },
                    "deposed": [],
                    "provider": "provider.aws"
                },
                "aws_default_route_table.wp_private_rt": {
                    "type": "aws_default_route_table",
                    "depends_on": [
                        "aws_vpc.wp_vpc"
                    ],
                    "primary": {
                        "id": "rtb-00311072bfb3f459d",
                        "attributes": {
                            "default_route_table_id": "rtb-00311072bfb3f459d",
                            "id": "rtb-00311072bfb3f459d",
                            "propagating_vgws.#": "0",
                            "route.#": "0",
                            "tags.%": "1",
                            "tags.Name": "wp_private",
                            "vpc_id": "vpc-06aeb43b3c90b2324"
                        },
                        "meta": {},
                        "tainted": false
                    },
                    "deposed": [],
                    "provider": "provider.aws"
                },
                "aws_elb.wp_elb": {
                    "type": "aws_elb",
                    "depends_on": [
                        "aws_security_group.wp_public_sg",
                        "aws_subnet.wp_public1_subnet",
                        "aws_subnet.wp_public2_subnet"
                    ],
                    "primary": {
                        "id": "motionfarm-elb",
                        "attributes": {
                            "access_logs.#": "0",
                            "arn": "arn:aws:elasticloadbalancing:us-east-1:922226394248:loadbalancer/motionfarm-elb",
                            "availability_zones.#": "2",
                            "availability_zones.1305112097": "us-east-1b",
                            "availability_zones.3569565595": "us-east-1a",
                            "connection_draining": "true",
                            "connection_draining_timeout": "400",
                            "cross_zone_load_balancing": "true",
                            "dns_name": "motionfarm-elb-1797066266.us-east-1.elb.amazonaws.com",
                            "health_check.#": "1",
                            "health_check.0.healthy_threshold": "2",
                            "health_check.0.interval": "30",
                            "health_check.0.target": "TCP:80",
                            "health_check.0.timeout": "3",
                            "health_check.0.unhealthy_threshold": "2",
                            "id": "motionfarm-elb",
                            "idle_timeout": "400",
                            "instances.#": "0",
                            "internal": "false",
                            "listener.#": "1",
                            "listener.3057123346.instance_port": "80",
                            "listener.3057123346.instance_protocol": "http",
                            "listener.3057123346.lb_port": "80",
                            "listener.3057123346.lb_protocol": "http",
                            "listener.3057123346.ssl_certificate_id": "",
                            "name": "motionfarm-elb",
                            "security_groups.#": "1",
                            "security_groups.3075054483": "sg-001d40a05b2711ec1",
                            "source_security_group": "922226394248/wp_public_sg",
                            "source_security_group_id": "sg-001d40a05b2711ec1",
                            "subnets.#": "2",
                            "subnets.1981246270": "subnet-02ded3380ecbcd6eb",
                            "subnets.2002294916": "subnet-0cb1cbf3ff7a3f1db",
                            "tags.%": "1",
                            "tags.Name": "wp_motionfarm-elb",
                            "zone_id": "Z35SXDOTRQ7X7K"
                        },
                        "meta": {},
                        "tainted": false
                    },
                    "deposed": [],
                    "provider": "provider.aws"
                },
                "aws_iam_instance_profile.s3_access_profile": {
                    "type": "aws_iam_instance_profile",
                    "depends_on": [
                        "aws_iam_role.s3_access_role"
                    ],
                    "primary": {
                        "id": "s3_access",
                        "attributes": {
                            "arn": "arn:aws:iam::922226394248:instance-profile/s3_access",
                            "create_date": "2019-10-14T09:31:05Z",
                            "id": "s3_access",
                            "name": "s3_access",
                            "path": "/",
                            "role": "s3_access_role",
                            "roles.#": "0",
                            "unique_id": "AIPA5NOH2ASEBPGLJCN2L"
                        },
                        "meta": {},
                        "tainted": false
                    },
                    "deposed": [],
                    "provider": "provider.aws"
                },
                "aws_iam_role.s3_access_role": {
                    "type": "aws_iam_role",
                    "depends_on": [],
                    "primary": {
                        "id": "s3_access_role",
                        "attributes": {
                            "arn": "arn:aws:iam::922226394248:role/s3_access_role",
                            "assume_role_policy": "{\"Version\":\"2012-10-17\",\"Statement\":[{\"Sid\":\"\",\"Effect\":\"Allow\",\"Principal\":{\"Service\":\"ec2.amazonaws.com\"},\"Action\":\"sts:AssumeRole\"}]}",
                            "create_date": "2019-10-14T09:31:03Z",
                            "description": "",
                            "force_detach_policies": "false",
                            "id": "s3_access_role",
                            "max_session_duration": "3600",
                            "name": "s3_access_role",
                            "path": "/",
                            "unique_id": "AROA5NOH2ASENEKAVYT2Q"
                        },
                        "meta": {},
                        "tainted": false
                    },
                    "deposed": [],
                    "provider": "provider.aws"
                },
                "aws_iam_role_policy.s3_access_policy": {
                    "type": "aws_iam_role_policy",
                    "depends_on": [
                        "aws_iam_role.s3_access_role"
                    ],
                    "primary": {
                        "id": "s3_access_role:s3_access_policy",
                        "attributes": {
                            "id": "s3_access_role:s3_access_policy",
                            "name": "s3_access_policy",
                            "policy": "{\n  \"Version\": \"2012-10-17\",\n  \"Statement\": [\n    {\n      \"Effect\": \"Allow\",\n      \"Action\": \"s3:*\",\n      \"Resource\": \"*\"\n    }\n  ]\n}\n",
                            "role": "s3_access_role"
                        },
                        "meta": {},
                        "tainted": false
                    },
                    "deposed": [],
                    "provider": "provider.aws"
                },
                "aws_instance.wp_dev": {
                    "type": "aws_instance",
                    "depends_on": [
                        "aws_iam_instance_profile.s3_access_profile",
                        "aws_key_pair.wp_auth",
                        "aws_s3_bucket.code",
                        "aws_security_group.wp_dev_sg",
                        "aws_subnet.wp_public1_subnet",
                        "data.aws_ami.centos"
                    ],
                    "primary": {
                        "id": "i-030a1f9a68d9cb386",
                        "attributes": {
                            "ami": "ami-02eac2c0129f6376b",
                            "arn": "arn:aws:ec2:us-east-1:922226394248:instance/i-030a1f9a68d9cb386",
                            "associate_public_ip_address": "true",
                            "availability_zone": "us-east-1a",
                            "cpu_core_count": "1",
                            "cpu_threads_per_core": "1",
                            "credit_specification.#": "1",
                            "credit_specification.0.cpu_credits": "standard",
                            "disable_api_termination": "false",
                            "ebs_block_device.#": "0",
                            "ebs_optimized": "false",
                            "ephemeral_block_device.#": "0",
                            "get_password_data": "false",
                            "iam_instance_profile": "s3_access",
                            "id": "i-030a1f9a68d9cb386",
                            "instance_state": "running",
                            "instance_type": "t2.micro",
                            "ipv6_addresses.#": "0",
                            "key_name": "motionfarm",
                            "monitoring": "false",
                            "network_interface.#": "0",
                            "network_interface_id": "eni-08f52150cd6357a3a",
                            "password_data": "",
                            "placement_group": "",
                            "primary_network_interface_id": "eni-08f52150cd6357a3a",
                            "private_dns": "ip-10-0-1-182.ec2.internal",
                            "private_ip": "10.0.1.182",
                            "public_dns": "ec2-54-152-18-102.compute-1.amazonaws.com",
                            "public_ip": "54.152.18.102",
                            "root_block_device.#": "1",
                            "root_block_device.0.delete_on_termination": "false",
                            "root_block_device.0.iops": "100",
                            "root_block_device.0.volume_id": "vol-0435622a31bb9b7f1",
                            "root_block_device.0.volume_size": "8",
                            "root_block_device.0.volume_type": "gp2",
                            "security_groups.#": "0",
                            "source_dest_check": "true",
                            "subnet_id": "subnet-0cb1cbf3ff7a3f1db",
                            "tags.%": "1",
                            "tags.Name": "wp_dev",
                            "tenancy": "default",
                            "volume_tags.%": "0",
                            "vpc_security_group_ids.#": "1",
                            "vpc_security_group_ids.2045070429": "sg-018000b9d23506a18"
                        },
                        "meta": {
                            "e2bfb730-ecaa-11e6-8f88-34363bc7c4c0": {
                                "create": 600000000000,
                                "delete": 1200000000000,
                                "update": 600000000000
                            },
                            "schema_version": "1"
                        },
                        "tainted": false
                    },
                    "deposed": [],
                    "provider": "provider.aws"
                },
                "aws_internet_gateway.wp_internet_gateway": {
                    "type": "aws_internet_gateway",
                    "depends_on": [
                        "aws_vpc.wp_vpc"
                    ],
                    "primary": {
                        "id": "igw-06f960cdeeccefcfe",
                        "attributes": {
                            "id": "igw-06f960cdeeccefcfe",
                            "tags.%": "1",
                            "tags.Name": "wp_igw",
                            "vpc_id": "vpc-06aeb43b3c90b2324"
                        },
                        "meta": {},
                        "tainted": false
                    },
                    "deposed": [],
                    "provider": "provider.aws"
                },
                "aws_key_pair.wp_auth": {
                    "type": "aws_key_pair",
                    "depends_on": [],
                    "primary": {
                        "id": "motionfarm",
                        "attributes": {
                            "id": "motionfarm",
                            "key_name": "motionfarm",
                            "public_key": "ssh-rsa AAAAB3NzaC1yc2EAAAADAQABAAABAQDW08EDhw7z1xVCstUtxWhMDR1ydTzoc6lmCTBEeHtZs3H+bA/ZFse24qOjRkDMJTGrPxfFqfeixFWMaFfY8ABw8SvnvpPaCQFtozv79aa4mLb8okKPP1q7yxq/CKLNS3Z0mdv9SRQPVPWNENZBFFje3A+l/JZKWVm25pwcna+wvIUZeTssbVGV+GtV7qwoXyYhY/s1FNq9hqPTh+woSne6T8ZYZoj5yuIglXMoFMm35eXuuezqv6Qd0+4pqx+Y+yfqi3RTtuhGJO7NFdd/vELNR4WLzfZWD1XN6EFrZVi3LW5NMEKv9reSb9GTWOcu3hiVm8Xbu8eiuLVaLdNUqvY7 root@IN-HPJMRC2"
                        },
                        "meta": {
                            "schema_version": "1"
                        },
                        "tainted": false
                    },
                    "deposed": [],
                    "provider": "provider.aws"
                },
                "aws_launch_configuration.wp_lc": {
                    "type": "aws_launch_configuration",
                    "depends_on": [
                        "aws_ami_from_instance.wp_golden",
                        "aws_iam_instance_profile.s3_access_profile",
                        "aws_key_pair.wp_auth",
                        "aws_security_group.wp_private_sg"
                    ],
                    "primary": {
                        "id": "wp_lc-20191014093734349700000004",
                        "attributes": {
                            "associate_public_ip_address": "false",
                            "ebs_block_device.#": "0",
                            "ebs_optimized": "false",
                            "enable_monitoring": "true",
                            "ephemeral_block_device.#": "0",
                            "iam_instance_profile": "s3_access",
                            "id": "wp_lc-20191014093734349700000004",
                            "image_id": "ami-0642f796a5c29efee",
                            "instance_type": "t2.micro",
                            "key_name": "motionfarm",
                            "name": "wp_lc-20191014093734349700000004",
                            "name_prefix": "wp_lc-",
                            "root_block_device.#": "0",
                            "security_groups.#": "1",
                            "security_groups.3736168750": "sg-04ed5be0ceda14169",
                            "spot_price": "",
                            "user_data": "4729afbd226e049af60a56eb94c009105d889eba",
                            "vpc_classic_link_id": "",
                            "vpc_classic_link_security_groups.#": "0"
                        },
                        "meta": {},
                        "tainted": false
                    },
                    "deposed": [],
                    "provider": "provider.aws"
                },
                "aws_route53_record.db": {
                    "type": "aws_route53_record",
                    "depends_on": [
                        "aws_db_instance.wp_db",
                        "aws_route53_zone.secondary"
                    ],
                    "primary": {
                        "id": "Z0258962JLX7TFF63JKM_db.motionfarm.info_CNAME",
                        "attributes": {
                            "allow_overwrite": "true",
                            "fqdn": "db.motionfarm.info",
                            "id": "Z0258962JLX7TFF63JKM_db.motionfarm.info_CNAME",
                            "name": "db.motionfarm.info",
                            "records.#": "1",
                            "records.25939775": "terraform-20191014093133575400000003.chojdqldvsz6.us-east-1.rds.amazonaws.com",
                            "ttl": "300",
                            "type": "CNAME",
                            "zone_id": "Z0258962JLX7TFF63JKM"
                        },
                        "meta": {
                            "schema_version": "2"
                        },
                        "tainted": false
                    },
                    "deposed": [],
                    "provider": "provider.aws"
                },
                "aws_route53_record.dev": {
                    "type": "aws_route53_record",
                    "depends_on": [
                        "aws_instance.wp_dev",
                        "aws_route53_zone.primary"
                    ],
                    "primary": {
                        "id": "Z2CBTEPKSD5SPE_dev.motionfarm.info_A",
                        "attributes": {
                            "allow_overwrite": "true",
                            "fqdn": "dev.motionfarm.info",
                            "id": "Z2CBTEPKSD5SPE_dev.motionfarm.info_A",
                            "name": "dev.motionfarm.info",
                            "records.#": "1",
                            "records.1102634200": "54.152.18.102",
                            "ttl": "300",
                            "type": "A",
                            "zone_id": "Z2CBTEPKSD5SPE"
                        },
                        "meta": {
                            "schema_version": "2"
                        },
                        "tainted": false
                    },
                    "deposed": [],
                    "provider": "provider.aws"
                },
                "aws_route53_record.www": {
                    "type": "aws_route53_record",
                    "depends_on": [
                        "aws_elb.wp_elb",
                        "aws_route53_zone.primary"
                    ],
                    "primary": {
                        "id": "Z2CBTEPKSD5SPE_www.motionfarm.info_A",
                        "attributes": {
                            "alias.#": "1",
                            "alias.3196932594.evaluate_target_health": "false",
                            "alias.3196932594.name": "motionfarm-elb-1797066266.us-east-1.elb.amazonaws.com",
                            "alias.3196932594.zone_id": "Z35SXDOTRQ7X7K",
                            "allow_overwrite": "true",
                            "fqdn": "www.motionfarm.info",
                            "id": "Z2CBTEPKSD5SPE_www.motionfarm.info_A",
                            "name": "www.motionfarm.info",
                            "type": "A",
                            "zone_id": "Z2CBTEPKSD5SPE"
                        },
                        "meta": {
                            "schema_version": "2"
                        },
                        "tainted": false
                    },
                    "deposed": [],
                    "provider": "provider.aws"
                },
                "aws_route53_zone.primary": {
                    "type": "aws_route53_zone",
                    "depends_on": [],
                    "primary": {
                        "id": "Z2CBTEPKSD5SPE",
                        "attributes": {
                            "comment": "Managed by Terraform",
                            "delegation_set_id": "N182L6IFG88CDI",
                            "force_destroy": "false",
                            "id": "Z2CBTEPKSD5SPE",
                            "name": "motionfarm.info",
                            "name_servers.#": "4",
                            "name_servers.0": "ns-1458.awsdns-54.org",
                            "name_servers.1": "ns-1561.awsdns-03.co.uk",
                            "name_servers.2": "ns-318.awsdns-39.com",
                            "name_servers.3": "ns-848.awsdns-42.net",
                            "tags.%": "0",
                            "zone_id": "Z2CBTEPKSD5SPE"
                        },
                        "meta": {},
                        "tainted": false
                    },
                    "deposed": [],
                    "provider": "provider.aws"
                },
                "aws_route53_zone.secondary": {
                    "type": "aws_route53_zone",
                    "depends_on": [
                        "aws_vpc.wp_vpc"
                    ],
                    "primary": {
                        "id": "Z0258962JLX7TFF63JKM",
                        "attributes": {
                            "comment": "Managed by Terraform",
                            "force_destroy": "false",
                            "id": "Z0258962JLX7TFF63JKM",
                            "name": "motionfarm.info",
                            "name_servers.#": "4",
                            "name_servers.0": "ns-0.awsdns-00.com.",
                            "name_servers.1": "ns-1024.awsdns-00.org.",
                            "name_servers.2": "ns-1536.awsdns-00.co.uk.",
                            "name_servers.3": "ns-512.awsdns-00.net.",
                            "tags.%": "0",
                            "vpc_id": "vpc-06aeb43b3c90b2324",
                            "vpc_region": "us-east-1",
                            "zone_id": "Z0258962JLX7TFF63JKM"
                        },
                        "meta": {},
                        "tainted": false
                    },
                    "deposed": [],
                    "provider": "provider.aws"
                },
                "aws_route_table.wp_public_rt": {
                    "type": "aws_route_table",
                    "depends_on": [
                        "aws_internet_gateway.wp_internet_gateway",
                        "aws_vpc.wp_vpc"
                    ],
                    "primary": {
                        "id": "rtb-058d37ee8392c334a",
                        "attributes": {
                            "id": "rtb-058d37ee8392c334a",
                            "propagating_vgws.#": "0",
                            "route.#": "1",
                            "route.3592536698.cidr_block": "0.0.0.0/0",
                            "route.3592536698.egress_only_gateway_id": "",
                            "route.3592536698.gateway_id": "igw-06f960cdeeccefcfe",
                            "route.3592536698.instance_id": "",
                            "route.3592536698.ipv6_cidr_block": "",
                            "route.3592536698.nat_gateway_id": "",
                            "route.3592536698.network_interface_id": "",
                            "route.3592536698.vpc_peering_connection_id": "",
                            "tags.%": "1",
                            "tags.Name": "wp_public",
                            "vpc_id": "vpc-06aeb43b3c90b2324"
                        },
                        "meta": {},
                        "tainted": false
                    },
                    "deposed": [],
                    "provider": "provider.aws"
                },
                "aws_route_table_association.wp_private1_assoc": {
                    "type": "aws_route_table_association",
                    "depends_on": [
                        "aws_default_route_table.wp_private_rt",
                        "aws_subnet.wp_private1_subnet"
                    ],
                    "primary": {
                        "id": "rtbassoc-06c616c9e4c5b58ac",
                        "attributes": {
                            "id": "rtbassoc-06c616c9e4c5b58ac",
                            "route_table_id": "rtb-00311072bfb3f459d",
                            "subnet_id": "subnet-0e07b3db65a8ec21a"
                        },
                        "meta": {},
                        "tainted": false
                    },
                    "deposed": [],
                    "provider": "provider.aws"
                },
                "aws_route_table_association.wp_private2_assoc": {
                    "type": "aws_route_table_association",
                    "depends_on": [
                        "aws_default_route_table.wp_private_rt",
                        "aws_subnet.wp_private2_subnet"
                    ],
                    "primary": {
                        "id": "rtbassoc-0110bc7af913aeb88",
                        "attributes": {
                            "id": "rtbassoc-0110bc7af913aeb88",
                            "route_table_id": "rtb-00311072bfb3f459d",
                            "subnet_id": "subnet-0d62cfaedd95fedc3"
                        },
                        "meta": {},
                        "tainted": false
                    },
                    "deposed": [],
                    "provider": "provider.aws"
                },
                "aws_route_table_association.wp_public1_assoc": {
                    "type": "aws_route_table_association",
                    "depends_on": [
                        "aws_route_table.wp_public_rt",
                        "aws_subnet.wp_public1_subnet"
                    ],
                    "primary": {
                        "id": "rtbassoc-0b1cab1cf3cee1a14",
                        "attributes": {
                            "id": "rtbassoc-0b1cab1cf3cee1a14",
                            "route_table_id": "rtb-058d37ee8392c334a",
                            "subnet_id": "subnet-0cb1cbf3ff7a3f1db"
                        },
                        "meta": {},
                        "tainted": false
                    },
                    "deposed": [],
                    "provider": "provider.aws"
                },
                "aws_route_table_association.wp_public2_assoc": {
                    "type": "aws_route_table_association",
                    "depends_on": [
                        "aws_route_table.wp_public_rt",
                        "aws_subnet.wp_public2_subnet"
                    ],
                    "primary": {
                        "id": "rtbassoc-0408bd70e5590425b",
                        "attributes": {
                            "id": "rtbassoc-0408bd70e5590425b",
                            "route_table_id": "rtb-058d37ee8392c334a",
                            "subnet_id": "subnet-02ded3380ecbcd6eb"
                        },
                        "meta": {},
                        "tainted": false
                    },
                    "deposed": [],
                    "provider": "provider.aws"
                },
                "aws_s3_bucket.code": {
                    "type": "aws_s3_bucket",
                    "depends_on": [
                        "random_id.wp_code_bucket"
                    ],
                    "primary": {
                        "id": "motionfarm-51195",
                        "attributes": {
                            "acceleration_status": "",
                            "acl": "private",
                            "arn": "arn:aws:s3:::motionfarm-51195",
                            "bucket": "motionfarm-51195",
                            "bucket_domain_name": "motionfarm-51195.s3.amazonaws.com",
                            "bucket_regional_domain_name": "motionfarm-51195.s3.amazonaws.com",
                            "cors_rule.#": "0",
                            "force_destroy": "true",
                            "hosted_zone_id": "Z3AQBSTGFYJSTF",
                            "id": "motionfarm-51195",
                            "logging.#": "0",
                            "region": "us-east-1",
                            "replication_configuration.#": "0",
                            "request_payer": "BucketOwner",
                            "server_side_encryption_configuration.#": "0",
                            "tags.%": "1",
                            "tags.Name": "code_bucket",
                            "versioning.#": "1",
                            "versioning.0.enabled": "false",
                            "versioning.0.mfa_delete": "false",
                            "website.#": "0"
                        },
                        "meta": {},
                        "tainted": false
                    },
                    "deposed": [],
                    "provider": "provider.aws"
                },
                "aws_security_group.wp_dev_sg": {
                    "type": "aws_security_group",
                    "depends_on": [
                        "aws_vpc.wp_vpc"
                    ],
                    "primary": {
                        "id": "sg-018000b9d23506a18",
                        "attributes": {
                            "arn": "arn:aws:ec2:us-east-1:922226394248:security-group/sg-018000b9d23506a18",
                            "description": "Used for access to dev instance",
                            "egress.#": "1",
                            "egress.482069346.cidr_blocks.#": "1",
                            "egress.482069346.cidr_blocks.0": "0.0.0.0/0",
                            "egress.482069346.description": "",
                            "egress.482069346.from_port": "0",
                            "egress.482069346.ipv6_cidr_blocks.#": "0",
                            "egress.482069346.prefix_list_ids.#": "0",
                            "egress.482069346.protocol": "-1",
                            "egress.482069346.security_groups.#": "0",
                            "egress.482069346.self": "false",
                            "egress.482069346.to_port": "0",
                            "id": "sg-018000b9d23506a18",
                            "ingress.#": "2",
                            "ingress.2214680975.cidr_blocks.#": "1",
                            "ingress.2214680975.cidr_blocks.0": "0.0.0.0/0",
                            "ingress.2214680975.description": "",
                            "ingress.2214680975.from_port": "80",
                            "ingress.2214680975.ipv6_cidr_blocks.#": "0",
                            "ingress.2214680975.protocol": "tcp",
                            "ingress.2214680975.security_groups.#": "0",
                            "ingress.2214680975.self": "false",
                            "ingress.2214680975.to_port": "80",
                            "ingress.2541437006.cidr_blocks.#": "1",
                            "ingress.2541437006.cidr_blocks.0": "0.0.0.0/0",
                            "ingress.2541437006.description": "",
                            "ingress.2541437006.from_port": "22",
                            "ingress.2541437006.ipv6_cidr_blocks.#": "0",
                            "ingress.2541437006.protocol": "tcp",
                            "ingress.2541437006.security_groups.#": "0",
                            "ingress.2541437006.self": "false",
                            "ingress.2541437006.to_port": "22",
                            "name": "wp_dev_sg",
                            "owner_id": "922226394248",
                            "revoke_rules_on_delete": "false",
                            "tags.%": "0",
                            "vpc_id": "vpc-06aeb43b3c90b2324"
                        },
                        "meta": {
                            "e2bfb730-ecaa-11e6-8f88-34363bc7c4c0": {
                                "create": 600000000000,
                                "delete": 600000000000
                            },
                            "schema_version": "1"
                        },
                        "tainted": false
                    },
                    "deposed": [],
                    "provider": "provider.aws"
                },
                "aws_security_group.wp_private_sg": {
                    "type": "aws_security_group",
                    "depends_on": [
                        "aws_vpc.wp_vpc"
                    ],
                    "primary": {
                        "id": "sg-04ed5be0ceda14169",
                        "attributes": {
                            "arn": "arn:aws:ec2:us-east-1:922226394248:security-group/sg-04ed5be0ceda14169",
                            "description": "Used for private instance",
                            "egress.#": "1",
                            "egress.482069346.cidr_blocks.#": "1",
                            "egress.482069346.cidr_blocks.0": "0.0.0.0/0",
                            "egress.482069346.description": "",
                            "egress.482069346.from_port": "0",
                            "egress.482069346.ipv6_cidr_blocks.#": "0",
                            "egress.482069346.prefix_list_ids.#": "0",
                            "egress.482069346.protocol": "-1",
                            "egress.482069346.security_groups.#": "0",
                            "egress.482069346.self": "false",
                            "egress.482069346.to_port": "0",
                            "id": "sg-04ed5be0ceda14169",
                            "ingress.#": "1",
                            "ingress.1960698028.cidr_blocks.#": "1",
                            "ingress.1960698028.cidr_blocks.0": "10.0.0.0/16",
                            "ingress.1960698028.description": "",
                            "ingress.1960698028.from_port": "0",
                            "ingress.1960698028.ipv6_cidr_blocks.#": "0",
                            "ingress.1960698028.protocol": "-1",
                            "ingress.1960698028.security_groups.#": "0",
                            "ingress.1960698028.self": "false",
                            "ingress.1960698028.to_port": "0",
                            "name": "wp_private_sg",
                            "owner_id": "922226394248",
                            "revoke_rules_on_delete": "false",
                            "tags.%": "0",
                            "vpc_id": "vpc-06aeb43b3c90b2324"
                        },
                        "meta": {
                            "e2bfb730-ecaa-11e6-8f88-34363bc7c4c0": {
                                "create": 600000000000,
                                "delete": 600000000000
                            },
                            "schema_version": "1"
                        },
                        "tainted": false
                    },
                    "deposed": [],
                    "provider": "provider.aws"
                },
                "aws_security_group.wp_public_sg": {
                    "type": "aws_security_group",
                    "depends_on": [
                        "aws_vpc.wp_vpc"
                    ],
                    "primary": {
                        "id": "sg-001d40a05b2711ec1",
                        "attributes": {
                            "arn": "arn:aws:ec2:us-east-1:922226394248:security-group/sg-001d40a05b2711ec1",
                            "description": "Used for aelastic load balancer for public access",
                            "egress.#": "1",
                            "egress.482069346.cidr_blocks.#": "1",
                            "egress.482069346.cidr_blocks.0": "0.0.0.0/0",
                            "egress.482069346.description": "",
                            "egress.482069346.from_port": "0",
                            "egress.482069346.ipv6_cidr_blocks.#": "0",
                            "egress.482069346.prefix_list_ids.#": "0",
                            "egress.482069346.protocol": "-1",
                            "egress.482069346.security_groups.#": "0",
                            "egress.482069346.self": "false",
                            "egress.482069346.to_port": "0",
                            "id": "sg-001d40a05b2711ec1",
                            "ingress.#": "1",
                            "ingress.2214680975.cidr_blocks.#": "1",
                            "ingress.2214680975.cidr_blocks.0": "0.0.0.0/0",
                            "ingress.2214680975.description": "",
                            "ingress.2214680975.from_port": "80",
                            "ingress.2214680975.ipv6_cidr_blocks.#": "0",
                            "ingress.2214680975.protocol": "tcp",
                            "ingress.2214680975.security_groups.#": "0",
                            "ingress.2214680975.self": "false",
                            "ingress.2214680975.to_port": "80",
                            "name": "wp_public_sg",
                            "owner_id": "922226394248",
                            "revoke_rules_on_delete": "false",
                            "tags.%": "0",
                            "vpc_id": "vpc-06aeb43b3c90b2324"
                        },
                        "meta": {
                            "e2bfb730-ecaa-11e6-8f88-34363bc7c4c0": {
                                "create": 600000000000,
                                "delete": 600000000000
                            },
                            "schema_version": "1"
                        },
                        "tainted": false
                    },
                    "deposed": [],
                    "provider": "provider.aws"
                },
                "aws_security_group.wp_rds_sg": {
                    "type": "aws_security_group",
                    "depends_on": [
                        "aws_security_group.wp_dev_sg",
                        "aws_security_group.wp_private_sg",
                        "aws_security_group.wp_public_sg",
                        "aws_vpc.wp_vpc"
                    ],
                    "primary": {
                        "id": "sg-08f0095f97dd7d9f7",
                        "attributes": {
                            "arn": "arn:aws:ec2:us-east-1:922226394248:security-group/sg-08f0095f97dd7d9f7",
                            "description": "Used for rds instances",
                            "egress.#": "0",
                            "id": "sg-08f0095f97dd7d9f7",
                            "ingress.#": "1",
                            "ingress.4267146297.cidr_blocks.#": "0",
                            "ingress.4267146297.description": "",
                            "ingress.4267146297.from_port": "3306",
                            "ingress.4267146297.ipv6_cidr_blocks.#": "0",
                            "ingress.4267146297.protocol": "tcp",
                            "ingress.4267146297.security_groups.#": "3",
                            "ingress.4267146297.security_groups.2045070429": "sg-018000b9d23506a18",
                            "ingress.4267146297.security_groups.3075054483": "sg-001d40a05b2711ec1",
                            "ingress.4267146297.security_groups.3736168750": "sg-04ed5be0ceda14169",
                            "ingress.4267146297.self": "false",
                            "ingress.4267146297.to_port": "3306",
                            "name": "wp_rds_sg",
                            "owner_id": "922226394248",
                            "revoke_rules_on_delete": "false",
                            "tags.%": "0",
                            "vpc_id": "vpc-06aeb43b3c90b2324"
                        },
                        "meta": {
                            "e2bfb730-ecaa-11e6-8f88-34363bc7c4c0": {
                                "create": 600000000000,
                                "delete": 600000000000
                            },
                            "schema_version": "1"
                        },
                        "tainted": false
                    },
                    "deposed": [],
                    "provider": "provider.aws"
                },
                "aws_subnet.wp_private1_subnet": {
                    "type": "aws_subnet",
                    "depends_on": [
                        "aws_vpc.wp_vpc",
                        "data.aws_availability_zones.available"
                    ],
                    "primary": {
                        "id": "subnet-0e07b3db65a8ec21a",
                        "attributes": {
                            "assign_ipv6_address_on_creation": "false",
                            "availability_zone": "us-east-1a",
                            "cidr_block": "10.0.3.0/24",
                            "id": "subnet-0e07b3db65a8ec21a",
                            "map_public_ip_on_launch": "false",
                            "tags.%": "1",
                            "tags.Name": "wp_private1",
                            "vpc_id": "vpc-06aeb43b3c90b2324"
                        },
                        "meta": {
                            "schema_version": "1"
                        },
                        "tainted": false
                    },
                    "deposed": [],
                    "provider": "provider.aws"
                },
                "aws_subnet.wp_private2_subnet": {
                    "type": "aws_subnet",
                    "depends_on": [
                        "aws_vpc.wp_vpc",
                        "data.aws_availability_zones.available"
                    ],
                    "primary": {
                        "id": "subnet-0d62cfaedd95fedc3",
                        "attributes": {
                            "assign_ipv6_address_on_creation": "false",
                            "availability_zone": "us-east-1b",
                            "cidr_block": "10.0.4.0/24",
                            "id": "subnet-0d62cfaedd95fedc3",
                            "map_public_ip_on_launch": "false",
                            "tags.%": "1",
                            "tags.Name": "wp_private2",
                            "vpc_id": "vpc-06aeb43b3c90b2324"
                        },
                        "meta": {
                            "schema_version": "1"
                        },
                        "tainted": false
                    },
                    "deposed": [],
                    "provider": "provider.aws"
                },
                "aws_subnet.wp_public1_subnet": {
                    "type": "aws_subnet",
                    "depends_on": [
                        "aws_vpc.wp_vpc",
                        "data.aws_availability_zones.available"
                    ],
                    "primary": {
                        "id": "subnet-0cb1cbf3ff7a3f1db",
                        "attributes": {
                            "assign_ipv6_address_on_creation": "false",
                            "availability_zone": "us-east-1a",
                            "cidr_block": "10.0.1.0/24",
                            "id": "subnet-0cb1cbf3ff7a3f1db",
                            "map_public_ip_on_launch": "true",
                            "tags.%": "1",
                            "tags.Name": "wp_public1",
                            "vpc_id": "vpc-06aeb43b3c90b2324"
                        },
                        "meta": {
                            "schema_version": "1"
                        },
                        "tainted": false
                    },
                    "deposed": [],
                    "provider": "provider.aws"
                },
                "aws_subnet.wp_public2_subnet": {
                    "type": "aws_subnet",
                    "depends_on": [
                        "aws_vpc.wp_vpc",
                        "data.aws_availability_zones.available"
                    ],
                    "primary": {
                        "id": "subnet-02ded3380ecbcd6eb",
                        "attributes": {
                            "assign_ipv6_address_on_creation": "false",
                            "availability_zone": "us-east-1b",
                            "cidr_block": "10.0.2.0/24",
                            "id": "subnet-02ded3380ecbcd6eb",
                            "map_public_ip_on_launch": "true",
                            "tags.%": "1",
                            "tags.Name": "wp_public2",
                            "vpc_id": "vpc-06aeb43b3c90b2324"
                        },
                        "meta": {
                            "schema_version": "1"
                        },
                        "tainted": false
                    },
                    "deposed": [],
                    "provider": "provider.aws"
                },
                "aws_subnet.wp_rds1_subnet": {
                    "type": "aws_subnet",
                    "depends_on": [
                        "aws_vpc.wp_vpc",
                        "data.aws_availability_zones.available"
                    ],
                    "primary": {
                        "id": "subnet-09997e5ca27581651",
                        "attributes": {
                            "assign_ipv6_address_on_creation": "false",
                            "availability_zone": "us-east-1a",
                            "cidr_block": "10.0.5.0/24",
                            "id": "subnet-09997e5ca27581651",
                            "map_public_ip_on_launch": "false",
                            "tags.%": "1",
                            "tags.Name": "wp_rds1",
                            "vpc_id": "vpc-06aeb43b3c90b2324"
                        },
                        "meta": {
                            "schema_version": "1"
                        },
                        "tainted": false
                    },
                    "deposed": [],
                    "provider": "provider.aws"
                },
                "aws_subnet.wp_rds2_subnet": {
                    "type": "aws_subnet",
                    "depends_on": [
                        "aws_vpc.wp_vpc",
                        "data.aws_availability_zones.available"
                    ],
                    "primary": {
                        "id": "subnet-0de50735f74d56ca8",
                        "attributes": {
                            "assign_ipv6_address_on_creation": "false",
                            "availability_zone": "us-east-1b",
                            "cidr_block": "10.0.6.0/24",
                            "id": "subnet-0de50735f74d56ca8",
                            "map_public_ip_on_launch": "false",
                            "tags.%": "1",
                            "tags.Name": "wp_rds2",
                            "vpc_id": "vpc-06aeb43b3c90b2324"
                        },
                        "meta": {
                            "schema_version": "1"
                        },
                        "tainted": false
                    },
                    "deposed": [],
                    "provider": "provider.aws"
                },
                "aws_subnet.wp_rds3_subnet": {
                    "type": "aws_subnet",
                    "depends_on": [
                        "aws_vpc.wp_vpc",
                        "data.aws_availability_zones.available"
                    ],
                    "primary": {
                        "id": "subnet-0c4effd5df721e273",
                        "attributes": {
                            "assign_ipv6_address_on_creation": "false",
                            "availability_zone": "us-east-1c",
                            "cidr_block": "10.0.7.0/24",
                            "id": "subnet-0c4effd5df721e273",
                            "map_public_ip_on_launch": "false",
                            "tags.%": "1",
                            "tags.Name": "wp_rds3",
                            "vpc_id": "vpc-06aeb43b3c90b2324"
                        },
                        "meta": {
                            "schema_version": "1"
                        },
                        "tainted": false
                    },
                    "deposed": [],
                    "provider": "provider.aws"
                },
                "aws_vpc.wp_vpc": {
                    "type": "aws_vpc",
                    "depends_on": [],
                    "primary": {
                        "id": "vpc-06aeb43b3c90b2324",
                        "attributes": {
                            "arn": "arn:aws:ec2:us-east-1:922226394248:vpc/vpc-06aeb43b3c90b2324",
                            "assign_generated_ipv6_cidr_block": "false",
                            "cidr_block": "10.0.0.0/16",
                            "default_network_acl_id": "acl-01227f3cfc7f71e19",
                            "default_route_table_id": "rtb-00311072bfb3f459d",
                            "default_security_group_id": "sg-0790d08b0563b7300",
                            "dhcp_options_id": "dopt-72710209",
                            "enable_classiclink": "false",
                            "enable_classiclink_dns_support": "false",
                            "enable_dns_hostnames": "true",
                            "enable_dns_support": "true",
                            "id": "vpc-06aeb43b3c90b2324",
                            "instance_tenancy": "default",
                            "main_route_table_id": "rtb-00311072bfb3f459d",
                            "tags.%": "1",
                            "tags.Name": "wp_vpc"
                        },
                        "meta": {
                            "schema_version": "1"
                        },
                        "tainted": false
                    },
                    "deposed": [],
                    "provider": "provider.aws"
                },
                "aws_vpc_endpoint.wp_private-s3_endpoint": {
                    "type": "aws_vpc_endpoint",
                    "depends_on": [
                        "aws_route_table.wp_public_rt",
                        "aws_vpc.wp_vpc"
                    ],
                    "primary": {
                        "id": "vpce-0f4354af24984cac4",
                        "attributes": {
                            "cidr_blocks.#": "2",
                            "cidr_blocks.0": "54.231.0.0/17",
                            "cidr_blocks.1": "52.216.0.0/15",
                            "dns_entry.#": "0",
                            "id": "vpce-0f4354af24984cac4",
                            "network_interface_ids.#": "0",
                            "policy": "{\"Statement\":[{\"Action\":\"*\",\"Effect\":\"Allow\",\"Principal\":\"*\",\"Resource\":\"*\"}],\"Version\":\"2008-10-17\"}",
                            "prefix_list_id": "pl-63a5400a",
                            "private_dns_enabled": "false",
                            "route_table_ids.#": "2",
                            "route_table_ids.3365511476": "rtb-00311072bfb3f459d",
                            "route_table_ids.604554023": "rtb-058d37ee8392c334a",
                            "security_group_ids.#": "0",
                            "service_name": "com.amazonaws.us-east-1.s3",
                            "state": "available",
                            "subnet_ids.#": "0",
                            "vpc_endpoint_type": "Gateway",
                            "vpc_id": "vpc-06aeb43b3c90b2324"
                        },
                        "meta": {
                            "e2bfb730-ecaa-11e6-8f88-34363bc7c4c0": {
                                "create": 600000000000,
                                "delete": 600000000000,
                                "update": 600000000000
                            }
                        },
                        "tainted": false
                    },
                    "deposed": [],
                    "provider": "provider.aws"
                },
                "data.aws_ami.centos": {
                    "type": "aws_ami",
                    "depends_on": [],
                    "primary": {
                        "id": "ami-02eac2c0129f6376b",
                        "attributes": {
                            "architecture": "x86_64",
                            "block_device_mappings.#": "1",
                            "block_device_mappings.1270490221.device_name": "/dev/sda1",
                            "block_device_mappings.1270490221.ebs.%": "6",
                            "block_device_mappings.1270490221.ebs.delete_on_termination": "false",
                            "block_device_mappings.1270490221.ebs.encrypted": "false",
                            "block_device_mappings.1270490221.ebs.iops": "0",
                            "block_device_mappings.1270490221.ebs.snapshot_id": "snap-010d360e3cba720ba",
                            "block_device_mappings.1270490221.ebs.volume_size": "8",
                            "block_device_mappings.1270490221.ebs.volume_type": "gp2",
                            "block_device_mappings.1270490221.no_device": "",
                            "block_device_mappings.1270490221.virtual_name": "",
                            "creation_date": "2019-01-30T23:40:58.000Z",
                            "description": "CentOS Linux 7 x86_64 HVM EBS ENA 1901_01",
                            "filter.#": "2",
                            "filter.3159887878.name": "name",
                            "filter.3159887878.values.#": "1",
                            "filter.3159887878.values.0": "CentOS Linux 7 x86_64 HVM EBS *",
                            "filter.3386043752.name": "architecture",
                            "filter.3386043752.values.#": "1",
                            "filter.3386043752.values.0": "x86_64",
                            "hypervisor": "xen",
                            "id": "ami-02eac2c0129f6376b",
                            "image_id": "ami-02eac2c0129f6376b",
                            "image_location": "aws-marketplace/CentOS Linux 7 x86_64 HVM EBS ENA 1901_01-b7ee8a69-ee97-4a49-9e68-afaee216db2e-ami-05713873c6794f575.4",
                            "image_owner_alias": "aws-marketplace",
                            "image_type": "machine",
                            "most_recent": "true",
                            "name": "CentOS Linux 7 x86_64 HVM EBS ENA 1901_01-b7ee8a69-ee97-4a49-9e68-afaee216db2e-ami-05713873c6794f575.4",
                            "owner_id": "679593333241",
                            "owners.#": "1",
                            "owners.0": "679593333241",
                            "product_codes.#": "1",
                            "product_codes.347650389.product_code_id": "aw0evgkw8e5c1q413zgy5pjce",
                            "product_codes.347650389.product_code_type": "marketplace",
                            "public": "true",
                            "root_device_name": "/dev/sda1",
                            "root_device_type": "ebs",
                            "root_snapshot_id": "snap-010d360e3cba720ba",
                            "sriov_net_support": "simple",
                            "state": "available",
                            "state_reason.%": "2",
                            "state_reason.code": "UNSET",
                            "state_reason.message": "UNSET",
                            "tags.%": "0",
                            "virtualization_type": "hvm"
                        },
                        "meta": {},
                        "tainted": false
                    },
                    "deposed": [],
                    "provider": "provider.aws"
                },
                "data.aws_availability_zones.available": {
                    "type": "aws_availability_zones",
                    "depends_on": [],
                    "primary": {
                        "id": "2019-10-14 09:30:47.831873 +0000 UTC",
                        "attributes": {
                            "id": "2019-10-14 09:30:47.831873 +0000 UTC",
                            "names.#": "6",
                            "names.0": "us-east-1a",
                            "names.1": "us-east-1b",
                            "names.2": "us-east-1c",
                            "names.3": "us-east-1d",
                            "names.4": "us-east-1e",
                            "names.5": "us-east-1f"
                        },
                        "meta": {},
                        "tainted": false
                    },
                    "deposed": [],
                    "provider": "provider.aws"
                },
                "random_id.golden_ami": {
                    "type": "random_id",
                    "depends_on": [],
                    "primary": {
                        "id": "11HU",
                        "attributes": {
                            "b64": "11HU",
                            "b64_std": "11HU",
                            "b64_url": "11HU",
                            "byte_length": "3",
                            "dec": "14111188",
                            "hex": "d751d4",
                            "id": "11HU"
                        },
                        "meta": {},
                        "tainted": false
                    },
                    "deposed": [],
                    "provider": "provider.random"
                },
                "random_id.wp_code_bucket": {
                    "type": "random_id",
                    "depends_on": [],
                    "primary": {
                        "id": "x_s",
                        "attributes": {
                            "b64": "x_s",
                            "b64_std": "x/s=",
                            "b64_url": "x_s",
                            "byte_length": "2",
                            "dec": "51195",
                            "hex": "c7fb",
                            "id": "x_s"
                        },
                        "meta": {},
                        "tainted": false
                    },
                    "deposed": [],
                    "provider": "provider.random"
                }
            },
            "depends_on": []
        }
    ]
}
